
Microsoft Visual Studio Solution File, Format Version 12.00
# Visual Studio Version 17
VisualStudioVersion = 17.2.32616.157
MinimumVisualStudioVersion = 10.0.40219.1
Project("{FAE04EC0-301F-11D3-BF4B-00C04F79EFBC}") = "[algorytm 5] grupowanie anagramow", "[algorytm 5] grupowanie anagramow\[algorytm 5] grupowanie anagramow.csproj", "{34A8ABAF-ED8F-4B2D-8D3F-AA658803E2F7}"
EndProject
Global
	GlobalSection(SolutionConfigurationPlatforms) = preSolution
		Debug|Any CPU = Debug|Any CPU
		Release|Any CPU = Release|Any CPU
	EndGlobalSection
	GlobalSection(ProjectConfigurationPlatforms) = postSolution
		{34A8ABAF-ED8F-4B2D-8D3F-AA658803E2F7}.Debug|Any CPU.ActiveCfg = Debug|Any CPU
		{34A8ABAF-ED8F-4B2D-8D3F-AA658803E2F7}.Debug|Any CPU.Build.0 = Debug|Any CPU
		{34A8ABAF-ED8F-4B2D-8D3F-AA658803E2F7}.Release|Any CPU.ActiveCfg = Release|Any CPU
		{34A8ABAF-ED8F-4B2D-8D3F-AA658803E2F7}.Release|Any CPU.Build.0 = Release|Any CPU
	EndGlobalSection
	GlobalSection(SolutionProperties) = preSolution
		HideSolutionNode = FALSE
	EndGlobalSection
	GlobalSection(ExtensibilityGlobals) = postSolution
		SolutionGuid = {DE056D8A-615E-4481-A6C5-69ED50448FD7}
	EndGlobalSection
EndGlobal
